<?xml version="1.0" encoding="UTF-8" standalone="yes" ?>
<CodeBlocks_project_file>
   <FileVersion major="1" minor="6" />
   <Project>
      <Option title="opencv_test" />
      <Option makefile_is_custom="1" />
      <Option compiler="gcc" />
      <Option virtualFolders="CMake Files\;CMake Files\..\;CMake Files\..\..\;CMake Files\..\..\..\;CMake Files\..\..\..\..\;CMake Files\..\..\..\..\usr\;CMake Files\..\..\..\..\usr\local\;CMake Files\..\..\..\..\usr\local\share\;CMake Files\..\..\..\..\usr\local\share\OpenCV\;" />
      <Build>
      <Target title="all">
         <Option working_dir="/home/dingyu/Code/opencv_test/debug" />
         <Option type="4" />
         <MakeCommands>
            <Build command="/usr/bin/make -f &quot;/home/dingyu/Code/opencv_test/debug/Makefile&quot;  VERBOSE=1 all" />
            <CompileFile command="/usr/bin/make -f &quot;/home/dingyu/Code/opencv_test/debug/Makefile&quot;  VERBOSE=1 &quot;$file&quot;" />
            <Clean command="/usr/bin/make -f &quot;/home/dingyu/Code/opencv_test/debug/Makefile&quot;  VERBOSE=1 clean" />
            <DistClean command="/usr/bin/make -f &quot;/home/dingyu/Code/opencv_test/debug/Makefile&quot;  VERBOSE=1 clean" />
         </MakeCommands>
      </Target>
      <Target title="edit_cache">
         <Option working_dir="/home/dingyu/Code/opencv_test/debug" />
         <Option type="4" />
         <MakeCommands>
            <Build command="/usr/bin/make -f &quot;/home/dingyu/Code/opencv_test/debug/Makefile&quot;  VERBOSE=1 edit_cache" />
            <CompileFile command="/usr/bin/make -f &quot;/home/dingyu/Code/opencv_test/debug/Makefile&quot;  VERBOSE=1 &quot;$file&quot;" />
            <Clean command="/usr/bin/make -f &quot;/home/dingyu/Code/opencv_test/debug/Makefile&quot;  VERBOSE=1 clean" />
            <DistClean command="/usr/bin/make -f &quot;/home/dingyu/Code/opencv_test/debug/Makefile&quot;  VERBOSE=1 clean" />
         </MakeCommands>
      </Target>
      <Target title="rebuild_cache">
         <Option working_dir="/home/dingyu/Code/opencv_test/debug" />
         <Option type="4" />
         <MakeCommands>
            <Build command="/usr/bin/make -f &quot;/home/dingyu/Code/opencv_test/debug/Makefile&quot;  VERBOSE=1 rebuild_cache" />
            <CompileFile command="/usr/bin/make -f &quot;/home/dingyu/Code/opencv_test/debug/Makefile&quot;  VERBOSE=1 &quot;$file&quot;" />
            <Clean command="/usr/bin/make -f &quot;/home/dingyu/Code/opencv_test/debug/Makefile&quot;  VERBOSE=1 clean" />
            <DistClean command="/usr/bin/make -f &quot;/home/dingyu/Code/opencv_test/debug/Makefile&quot;  VERBOSE=1 clean" />
         </MakeCommands>
      </Target>
      <Target title="opencv_test">
         <Option output="/home/dingyu/Code/opencv_test/debug/opencv_test" prefix_auto="0" extension_auto="0" />
         <Option working_dir="/home/dingyu/Code/opencv_test/debug" />
         <Option object_output="./" />
         <Option type="1" />
         <Option compiler="gcc" />
         <Compiler>
            <Add directory="/home/dingyu/Code/opencv_test/myheaders" />
            <Add directory="/usr/include" />
            <Add directory="/usr/include/c++/5" />
            <Add directory="/usr/include/c++/5/backward" />
            <Add directory="/usr/include/x86_64-linux-gnu" />
            <Add directory="/usr/include/x86_64-linux-gnu/c++/5" />
            <Add directory="/usr/lib/gcc/x86_64-linux-gnu/5/include" />
            <Add directory="/usr/lib/gcc/x86_64-linux-gnu/5/include-fixed" />
            <Add directory="/usr/local/include" />
            <Add directory="/usr/local/include/opencv" />
         </Compiler>
         <MakeCommands>
            <Build command="/usr/bin/make -f &quot;/home/dingyu/Code/opencv_test/debug/Makefile&quot;  VERBOSE=1 opencv_test" />
            <CompileFile command="/usr/bin/make -f &quot;/home/dingyu/Code/opencv_test/debug/Makefile&quot;  VERBOSE=1 &quot;$file&quot;" />
            <Clean command="/usr/bin/make -f &quot;/home/dingyu/Code/opencv_test/debug/Makefile&quot;  VERBOSE=1 clean" />
            <DistClean command="/usr/bin/make -f &quot;/home/dingyu/Code/opencv_test/debug/Makefile&quot;  VERBOSE=1 clean" />
         </MakeCommands>
      </Target>
      <Target title="opencv_test/fast">
         <Option output="/home/dingyu/Code/opencv_test/debug/opencv_test" prefix_auto="0" extension_auto="0" />
         <Option working_dir="/home/dingyu/Code/opencv_test/debug" />
         <Option object_output="./" />
         <Option type="1" />
         <Option compiler="gcc" />
         <Compiler>
            <Add directory="/home/dingyu/Code/opencv_test/myheaders" />
            <Add directory="/usr/include" />
            <Add directory="/usr/include/c++/5" />
            <Add directory="/usr/include/c++/5/backward" />
            <Add directory="/usr/include/x86_64-linux-gnu" />
            <Add directory="/usr/include/x86_64-linux-gnu/c++/5" />
            <Add directory="/usr/lib/gcc/x86_64-linux-gnu/5/include" />
            <Add directory="/usr/lib/gcc/x86_64-linux-gnu/5/include-fixed" />
            <Add directory="/usr/local/include" />
            <Add directory="/usr/local/include/opencv" />
         </Compiler>
         <MakeCommands>
            <Build command="/usr/bin/make -f &quot;/home/dingyu/Code/opencv_test/debug/Makefile&quot;  VERBOSE=1 opencv_test/fast" />
            <CompileFile command="/usr/bin/make -f &quot;/home/dingyu/Code/opencv_test/debug/Makefile&quot;  VERBOSE=1 &quot;$file&quot;" />
            <Clean command="/usr/bin/make -f &quot;/home/dingyu/Code/opencv_test/debug/Makefile&quot;  VERBOSE=1 clean" />
            <DistClean command="/usr/bin/make -f &quot;/home/dingyu/Code/opencv_test/debug/Makefile&quot;  VERBOSE=1 clean" />
         </MakeCommands>
      </Target>
      </Build>
      <Unit filename="/home/dingyu/Code/opencv_test/carfinder.cpp">
         <Option target="opencv_test"/>
      </Unit>
      <Unit filename="/home/dingyu/Code/opencv_test/carfinder.h">
         <Option target="opencv_test"/>
      </Unit>
      <Unit filename="/home/dingyu/Code/opencv_test/control_gui.cpp">
         <Option target="opencv_test"/>
      </Unit>
      <Unit filename="/home/dingyu/Code/opencv_test/control_gui.h">
         <Option target="opencv_test"/>
      </Unit>
      <Unit filename="/home/dingyu/Code/opencv_test/main.cpp">
         <Option target="opencv_test"/>
      </Unit>
      <Unit filename="/home/dingyu/Code/opencv_test/main.h">
         <Option target="opencv_test"/>
      </Unit>
      <Unit filename="/home/dingyu/Code/opencv_test/myheaders/pathfinder.h">
         <Option target="opencv_test"/>
      </Unit>
      <Unit filename="/home/dingyu/Code/opencv_test/pathfinder.cpp">
         <Option target="opencv_test"/>
      </Unit>
      <Unit filename="/home/dingyu/Code/opencv_test/CMakeLists.txt">
          <Option virtualFolder="CMake Files\" />
      </Unit>
      <Unit filename="/home/dingyu/Code/opencv_test/../../../../usr/local/share/OpenCV/OpenCVConfig-version.cmake">
          <Option virtualFolder="CMake Files\..\..\..\..\usr\local\share\OpenCV\" />
      </Unit>
      <Unit filename="/home/dingyu/Code/opencv_test/../../../../usr/local/share/OpenCV/OpenCVConfig.cmake">
          <Option virtualFolder="CMake Files\..\..\..\..\usr\local\share\OpenCV\" />
      </Unit>
      <Unit filename="/home/dingyu/Code/opencv_test/../../../../usr/local/share/OpenCV/OpenCVModules.cmake">
          <Option virtualFolder="CMake Files\..\..\..\..\usr\local\share\OpenCV\" />
      </Unit>
      <Unit filename="/home/dingyu/Code/opencv_test/../../../../usr/local/share/OpenCV/OpenCVModules-release.cmake">
          <Option virtualFolder="CMake Files\..\..\..\..\usr\local\share\OpenCV\" />
      </Unit>
   </Project>
</CodeBlocks_project_file>
